Microsoft Visual Studio Solution File, Format Version 12.00
# Visual Studio Version 17
VisualStudioVersion = 17.5.2.0
MinimumVisualStudioVersion = 10.0.40219.1
Project("{FAE04EC0-301F-11D3-BF4B-00C04F79EFBC}") = "escape-plan", "escape-plan.csproj", "{4E9E0E0A-D582-99BA-4C8B-186EE1940F85}"
EndProject
Global
	GlobalSection(SolutionConfigurationPlatforms) = preSolution
		Debug|Any CPU = Debug|Any CPU
		Release|Any CPU = Release|Any CPU
	EndGlobalSection
	GlobalSection(ProjectConfigurationPlatforms) = postSolution
		{4E9E0E0A-D582-99BA-4C8B-186EE1940F85}.Debug|Any CPU.ActiveCfg = Debug|Any CPU
		{4E9E0E0A-D582-99BA-4C8B-186EE1940F85}.Debug|Any CPU.Build.0 = Debug|Any CPU
		{4E9E0E0A-D582-99BA-4C8B-186EE1940F85}.Release|Any CPU.ActiveCfg = Release|Any CPU
		{4E9E0E0A-D582-99BA-4C8B-186EE1940F85}.Release|Any CPU.Build.0 = Release|Any CPU
	EndGlobalSection
	GlobalSection(SolutionProperties) = preSolution
		HideSolutionNode = FALSE
	EndGlobalSection
	GlobalSection(ExtensibilityGlobals) = postSolution
		SolutionGuid = {E32AA233-05BC-44F3-B6B3-B92AEFA367D6}
	EndGlobalSection
EndGlobal
